{
  "requires": true,
  "lockfileVersion": 1,
  "dependencies": {
    "amdefine": {
      "version": "1.0.1",
      "resolved": "https://registry.npmjs.org/amdefine/-/amdefine-1.0.1.tgz",
      "integrity": "sha512-S2Hw0TtNkMJhIabBwIojKL9YHO5T0n5eNqWJ7Lrlel/zDbftQpxpapi8tZs3X1HWa+u+QeydGmzzNU0m09+Rcg==",
      "optional": true
    },
    "async": {
      "version": "0.2.10",
      "resolved": "https://registry.npmjs.org/async/-/async-0.2.10.tgz",
      "integrity": "sha512-eAkdoKxU6/LkKDBzLpT+t6Ff5EtfSF4wx1WfJiPEEV7WNLnDaRXk0oVysiEPm262roaachGexwUv94WhSgN5TQ==",
      "optional": true
    },
    "atob": {
      "version": "2.1.2",
      "resolved": "https://registry.npmjs.org/atob/-/atob-2.1.2.tgz",
      "integrity": "sha512-Wm6ukoaOGJi/73p/cl2GvLjTI5JM1k/O14isD73YML8StrH/7/lRFgmg8nICZgD3bZZvjwCGxtMOD3wWNAu8cg=="
    },
    "commander": {
      "version": "2.20.3",
      "resolved": "https://registry.npmjs.org/commander/-/commander-2.20.3.tgz",
      "integrity": "sha512-GpVkmM8vF2vQUkj2LvZmD35JxeJOLCwJ9cUkugyk2nuhbv3+mJvpLYYt+0+USMxE+oj+ey/lJEnhZw75x/OMcQ==",
      "optional": true
    },
    "css": {
      "version": "2.2.4",
      "resolved": "https://registry.npmjs.org/css/-/css-2.2.4.tgz",
      "integrity": "sha512-oUnjmWpy0niI3x/mPL8dVEI1l7MnG3+HHyRPHf+YFSbK+svOhXpmSOcDURUh2aOCgl2grzrOPt1nHLuCVFULLw==",
      "requires": {
        "inherits": "^2.0.3",
        "source-map": "^0.6.1",
        "source-map-resolve": "^0.5.2",
        "urix": "^0.1.0"
      }
    },
    "decode-uri-component": {
      "version": "0.2.2",
      "resolved": "https://registry.npmjs.org/decode-uri-component/-/decode-uri-component-0.2.2.tgz",
      "integrity": "sha512-FqUYQ+8o158GyGTrMFJms9qh3CqTKvAqgqsTnkLI8sKu0028orqBhxNMFkFen0zGyg6epACD32pjVk58ngIErQ=="
    },
    "handlebars": {
      "version": "2.0.0",
      "resolved": "https://registry.npmjs.org/handlebars/-/handlebars-2.0.0.tgz",
      "integrity": "sha512-OdfkaA0M8qGD5EJBkMw3TpguSWl6lz94jdyVmYs5e4TpwepZJ35Y5XlchsIwcN7NP/yzNa3MJYd/dRTO7Nf/fg==",
      "requires": {
        "optimist": "~0.3",
        "uglify-js": "~2.3"
      }
    },
    "inherits": {
      "version": "2.0.4",
      "resolved": "https://registry.npmjs.org/inherits/-/inherits-2.0.4.tgz",
      "integrity": "sha512-k/vGaX4/Yla3WzyMCvTQOXYeIHvqOKtnqBduzTHpzpQZzAskKMhZ2K+EnBiSM9zGSoIFeMpXKxa4dYeZIQqewQ=="
    },
    "jsonresume-theme-dinesh": {
      "version": "0.0.7",
      "resolved": "https://registry.npmjs.org/jsonresume-theme-dinesh/-/jsonresume-theme-dinesh-0.0.7.tgz",
      "integrity": "sha512-JxDz/wqWjeWwNENdl9BB4X/8S93rletDmSVLJAxAL6YKmbcomJWpgQaK60yTbX80RguUYDGagYYf6+QUWjQGVQ==",
      "requires": {
        "css": "2.2.x",
        "handlebars": "^2.0.0-alpha.4"
      }
    },
    "jsonresume-theme-joeytall": {
      "version": "1.0.1",
      "resolved": "https://registry.npmjs.org/jsonresume-theme-joeytall/-/jsonresume-theme-joeytall-1.0.1.tgz",
      "integrity": "sha512-zOFmsPdMgiWdHN+ABOrJKCUJP+cDHIBgEU3VyAlKVPefr9ApOLs+fzDxAiaYMV2JEkKnD+ZJr2pHQjDVFQA8Cw==",
      "requires": {
        "css": "2.2.x",
        "handlebars": "^2.0.0-alpha.4"
      }
    },
    "lodash.get": {
      "version": "4.4.2",
      "resolved": "https://registry.npmjs.org/lodash.get/-/lodash.get-4.4.2.tgz",
      "integrity": "sha512-z+Uw/vLuy6gQe8cfaFWD7p0wVv8fJl3mbzXh33RS+0oW2wvUqiRXiQ69gLWSLpgB5/6sU+r6BlQR0MBILadqTQ=="
    },
    "lodash.isequal": {
      "version": "4.5.0",
      "resolved": "https://registry.npmjs.org/lodash.isequal/-/lodash.isequal-4.5.0.tgz",
      "integrity": "sha512-pDo3lu8Jhfjqls6GkMgpahsF9kCyayhgykjyLMNFTKWrpVdAQtYyB4muAMWozBB4ig/dtWAmsMxLEI8wuz+DYQ=="
    },
    "mri": {
      "version": "1.2.0",
      "resolved": "https://registry.npmjs.org/mri/-/mri-1.2.0.tgz",
      "integrity": "sha512-tzzskb3bG8LvYGFF/mDTpq3jpI6Q9wc3LEmBaghu+DdCssd1FakN7Bc0hVNmEyGq1bq3RgfkCb3cmQLpNPOroA=="
    },
    "optimist": {
      "version": "0.3.7",
      "resolved": "https://registry.npmjs.org/optimist/-/optimist-0.3.7.tgz",
      "integrity": "sha512-TCx0dXQzVtSCg2OgY/bO9hjM9cV4XYx09TVK+s3+FhkjT6LovsLe+pPMzpWf+6yXK/hUizs2gUoTw3jHM0VaTQ==",
      "requires": {
        "wordwrap": "~0.0.2"
      }
    },
    "resolve-url": {
      "version": "0.2.1",
      "resolved": "https://registry.npmjs.org/resolve-url/-/resolve-url-0.2.1.tgz",
      "integrity": "sha512-ZuF55hVUQaaczgOIwqWzkEcEidmlD/xl44x1UZnhOXcYuFN2S6+rcxpG+C1N3So0wvNI3DmJICUFfu2SxhBmvg=="
    },
    "resume-schema": {
      "version": "1.0.0",
      "resolved": "https://registry.npmjs.org/resume-schema/-/resume-schema-1.0.0.tgz",
      "integrity": "sha512-9ZEP3oO1IRrjQWTOfDq7fDNNeJp7gWqfS/l2D02f6f25nRw/wRAkpDyvIlw9uoaDARK7Ebj/CN2D/6Ht27S0zg==",
      "requires": {
        "z-schema": "^4.2.2"
      }
    },
    "resumed": {
      "version": "3.0.1",
      "resolved": "https://registry.npmjs.org/resumed/-/resumed-3.0.1.tgz",
      "integrity": "sha512-bHv7qDQwmx5ei+u81JIxD1Cdcm/d6wcJXzmi7rMiGttC8kV7jnznBeN0QpYi6xy6vl51VuokTatAhXXfbo4G9w==",
      "requires": {
        "resume-schema": "^1.0.0",
        "sade": "^1.7.0",
        "yoctocolors": "^1.0.0"
      }
    },
    "sade": {
      "version": "1.8.1",
      "resolved": "https://registry.npmjs.org/sade/-/sade-1.8.1.tgz",
      "integrity": "sha512-xal3CZX1Xlo/k4ApwCFrHVACi9fBqJ7V+mwhBsuf/1IOKbBy098Fex+Wa/5QMubw09pSZ/u8EY8PWgevJsXp1A==",
      "requires": {
        "mri": "^1.1.0"
      }
    },
    "source-map": {
      "version": "0.6.1",
      "resolved": "https://registry.npmjs.org/source-map/-/source-map-0.6.1.tgz",
      "integrity": "sha512-UjgapumWlbMhkBgzT7Ykc5YXUT46F0iKu8SGXq0bcwP5dz/h0Plj6enJqjz1Zbq2l5WaqYnrVbwWOWMyF3F47g=="
    },
    "source-map-resolve": {
      "version": "0.5.3",
      "resolved": "https://registry.npmjs.org/source-map-resolve/-/source-map-resolve-0.5.3.tgz",
      "integrity": "sha512-Htz+RnsXWk5+P2slx5Jh3Q66vhQj1Cllm0zvnaY98+NFx+Dv2CF/f5O/t8x+KaNdrdIAsruNzoh/KpialbqAnw==",
      "requires": {
        "atob": "^2.1.2",
        "decode-uri-component": "^0.2.0",
        "resolve-url": "^0.2.1",
        "source-map-url": "^0.4.0",
        "urix": "^0.1.0"
      }
    },
    "source-map-url": {
      "version": "0.4.1",
      "resolved": "https://registry.npmjs.org/source-map-url/-/source-map-url-0.4.1.tgz",
      "integrity": "sha512-cPiFOTLUKvJFIg4SKVScy4ilPPW6rFgMgfuZJPNoDuMs3nC1HbMUycBoJw77xFIp6z1UJQJOfx6C9GMH80DiTw=="
    },
    "uglify-js": {
      "version": "2.3.6",
      "resolved": "https://registry.npmjs.org/uglify-js/-/uglify-js-2.3.6.tgz",
      "integrity": "sha512-T2LWWydxf5+Btpb0S/Gg/yKFmYjnX9jtQ4mdN9YRq73BhN21EhU0Dvw3wYDLqd3TooGUJlCKf3Gfyjjy/RTcWA==",
      "optional": true,
      "requires": {
        "async": "~0.2.6",
        "optimist": "~0.3.5",
        "source-map": "~0.1.7"
      },
      "dependencies": {
        "source-map": {
          "version": "0.1.43",
          "resolved": "https://registry.npmjs.org/source-map/-/source-map-0.1.43.tgz",
          "integrity": "sha512-VtCvB9SIQhk3aF6h+N85EaqIaBFIAfZ9Cu+NJHHVvc8BbEcnvDcFw6sqQ2dQrT6SlOrZq3tIvyD9+EGq/lJryQ==",
          "optional": true,
          "requires": {
            "amdefine": ">=0.0.4"
          }
        }
      }
    },
    "urix": {
      "version": "0.1.0",
      "resolved": "https://registry.npmjs.org/urix/-/urix-0.1.0.tgz",
      "integrity": "sha512-Am1ousAhSLBeB9cG/7k7r2R0zj50uDRlZHPGbazid5s9rlF1F/QKYObEKSIunSjIOkJZqwRRLpvewjEkM7pSqg=="
    },
    "validator": {
      "version": "13.11.0",
      "resolved": "https://registry.npmjs.org/validator/-/validator-13.11.0.tgz",
      "integrity": "sha512-Ii+sehpSfZy+At5nPdnyMhx78fEoPDkR2XW/zimHEL3MyGJQOCQ7WeP20jPYRz7ZCpcKLB21NxuXHF3bxjStBQ=="
    },
    "wordwrap": {
      "version": "0.0.3",
      "resolved": "https://registry.npmjs.org/wordwrap/-/wordwrap-0.0.3.tgz",
      "integrity": "sha512-1tMA907+V4QmxV7dbRvb4/8MaRALK6q9Abid3ndMYnbyo8piisCmeONVqVSXqQA3KaP4SLt5b7ud6E2sqP8TFw=="
    },
    "yoctocolors": {
      "version": "1.0.0",
      "resolved": "https://registry.npmjs.org/yoctocolors/-/yoctocolors-1.0.0.tgz",
      "integrity": "sha512-qJNAmSF77lWjfRVwCZK3PcKYWrr+55RUQTiXDxXHGbxzf8WuuRgftIB3hqZ5fykjOF/MC62cazsG/2ZDBedOnQ=="
    },
    "z-schema": {
      "version": "4.2.4",
      "resolved": "https://registry.npmjs.org/z-schema/-/z-schema-4.2.4.tgz",
      "integrity": "sha512-YvBeW5RGNeNzKOUJs3rTL4+9rpcvHXt5I051FJbOcitV8bl40pEfcG0Q+dWSwS0/BIYrMZ/9HHoqLllMkFhD0w==",
      "requires": {
        "commander": "^2.7.1",
        "lodash.get": "^4.4.2",
        "lodash.isequal": "^4.5.0",
        "validator": "^13.6.0"
      }
    }
  }
}
